# Generated by buf. DO NOT EDIT.
version: v1
deps:
  - remote: buf.build
    owner: blockyapis
    repository: blockyapis
    commit: e0cee76848a141b0a24f1cf0952f0ef5
    digest: shake256:ac00a7a40ccf8ece319138342da9174d92862e6114f4fdc4c46d70e5d6333b2d6f9452ce4fa7b071985303779f3c5cc7ce3fe3edcf62f701ee293a33b6266e1d
  - remote: buf.build
    owner: googleapis
    repository: googleapis
    commit: 711e289f6a384c4caeebaff7c6931ade
    digest: shake256:e08fb55dad7469f69df00304eed31427d2d1576e9aab31e6bf86642688e04caaf0372f15fe6974cf79432779a635b3ea401ca69c943976dc42749524e4c25d94
