# Generated by buf. DO NOT EDIT.
version: v1
deps:
  - remote: buf.build
    owner: blockyapis
    repository: blockyapis
    commit: 03146a0f490a4e3f97cc182b3c2097a5
    digest: shake256:85c857040fe629a991122b38a9ca2ad2d97c6cae8f983576ee5088e4f4c10a196bbcecc6021da488dba8f4994dfbb0b4a2a2498475a3cf2f7ea41197ed507a89
  - remote: buf.build
    owner: googleapis
    repository: googleapis
    commit: 28151c0d0a1641bf938a7672c500e01d
    digest: shake256:49215edf8ef57f7863004539deff8834cfb2195113f0b890dd1f67815d9353e28e668019165b9d872395871eeafcbab3ccfdb2b5f11734d3cca95be9e8d139de
